
Microsoft Visual Studio Solution File, Format Version 12.00
# Visual Studio 14
VisualStudioVersion = 14.0.25420.1
MinimumVisualStudioVersion = 10.0.40219.1
Project("{FAE04EC0-301F-11D3-BF4B-00C04F79EFBC}") = "SimCorp.IMS.Course", "SimCorp.IMS.Course\SimCorp.IMS.Course.csproj", "{69D15342-2404-4FF8-9DF8-215F0F89B47F}"
EndProject
Project("{FAE04EC0-301F-11D3-BF4B-00C04F79EFBC}") = "SimCorp.IMS.Course.WinFromsApplication", "SimCorp.IMS.Course.WinFromsApplication\SimCorp.IMS.Course.WinFromsApplication.csproj", "{D6D52ABF-2CB5-4EB3-A0F9-F9767D79897E}"
EndProject
Project("{FAE04EC0-301F-11D3-BF4B-00C04F79EFBC}") = "SimCorp.IMS.Course.Test", "SimCorp.IMS.Course.Test\SimCorp.IMS.Course.Test.csproj", "{6EE33FAD-06AF-4D8E-9092-106C2F576823}"
EndProject
Global
	GlobalSection(SolutionConfigurationPlatforms) = preSolution
		Debug|Any CPU = Debug|Any CPU
		Release|Any CPU = Release|Any CPU
	EndGlobalSection
	GlobalSection(ProjectConfigurationPlatforms) = postSolution
		{69D15342-2404-4FF8-9DF8-215F0F89B47F}.Debug|Any CPU.ActiveCfg = Debug|Any CPU
		{69D15342-2404-4FF8-9DF8-215F0F89B47F}.Debug|Any CPU.Build.0 = Debug|Any CPU
		{69D15342-2404-4FF8-9DF8-215F0F89B47F}.Release|Any CPU.ActiveCfg = Release|Any CPU
		{69D15342-2404-4FF8-9DF8-215F0F89B47F}.Release|Any CPU.Build.0 = Release|Any CPU
		{D6D52ABF-2CB5-4EB3-A0F9-F9767D79897E}.Debug|Any CPU.ActiveCfg = Debug|Any CPU
		{D6D52ABF-2CB5-4EB3-A0F9-F9767D79897E}.Debug|Any CPU.Build.0 = Debug|Any CPU
		{D6D52ABF-2CB5-4EB3-A0F9-F9767D79897E}.Release|Any CPU.ActiveCfg = Release|Any CPU
		{D6D52ABF-2CB5-4EB3-A0F9-F9767D79897E}.Release|Any CPU.Build.0 = Release|Any CPU
		{6EE33FAD-06AF-4D8E-9092-106C2F576823}.Debug|Any CPU.ActiveCfg = Debug|Any CPU
		{6EE33FAD-06AF-4D8E-9092-106C2F576823}.Debug|Any CPU.Build.0 = Debug|Any CPU
		{6EE33FAD-06AF-4D8E-9092-106C2F576823}.Release|Any CPU.ActiveCfg = Release|Any CPU
		{6EE33FAD-06AF-4D8E-9092-106C2F576823}.Release|Any CPU.Build.0 = Release|Any CPU
	EndGlobalSection
	GlobalSection(SolutionProperties) = preSolution
		HideSolutionNode = FALSE
	EndGlobalSection
EndGlobal
