
Microsoft Visual Studio Solution File, Format Version 12.00
# Visual Studio 14
VisualStudioVersion = 14.0.25420.1
MinimumVisualStudioVersion = 10.0.40219.1
Project("{FAE04EC0-301F-11D3-BF4B-00C04F79EFBC}") = "SimCorp.IMS.Course", "SimCorp.IMS.Course\SimCorp.IMS.Course.csproj", "{DD763134-8C2C-43B2-86EF-ED513EA8E805}"
EndProject
Project("{FAE04EC0-301F-11D3-BF4B-00C04F79EFBC}") = "SimCorp.IMS.Course.Test", "SimCorp.IMS.Course.Test\SimCorp.IMS.Course.Test.csproj", "{4C056ACC-B25A-4478-B170-6D3C136BFA21}"
EndProject
Project("{FAE04EC0-301F-11D3-BF4B-00C04F79EFBC}") = "SimCorp.IMS.Course.WinFromsApplication", "SimCorp.IMS.Course.WinFormsApplication\SimCorp.IMS.Course.WinFromsApplication.csproj", "{BCCE4FB1-1C21-47AB-A981-57A145338961}"
EndProject
Global
	GlobalSection(SolutionConfigurationPlatforms) = preSolution
		Debug|Any CPU = Debug|Any CPU
		Release|Any CPU = Release|Any CPU
	EndGlobalSection
	GlobalSection(ProjectConfigurationPlatforms) = postSolution
		{DD763134-8C2C-43B2-86EF-ED513EA8E805}.Debug|Any CPU.ActiveCfg = Debug|Any CPU
		{DD763134-8C2C-43B2-86EF-ED513EA8E805}.Debug|Any CPU.Build.0 = Debug|Any CPU
		{DD763134-8C2C-43B2-86EF-ED513EA8E805}.Release|Any CPU.ActiveCfg = Release|Any CPU
		{DD763134-8C2C-43B2-86EF-ED513EA8E805}.Release|Any CPU.Build.0 = Release|Any CPU
		{4C056ACC-B25A-4478-B170-6D3C136BFA21}.Debug|Any CPU.ActiveCfg = Debug|Any CPU
		{4C056ACC-B25A-4478-B170-6D3C136BFA21}.Debug|Any CPU.Build.0 = Debug|Any CPU
		{4C056ACC-B25A-4478-B170-6D3C136BFA21}.Release|Any CPU.ActiveCfg = Release|Any CPU
		{4C056ACC-B25A-4478-B170-6D3C136BFA21}.Release|Any CPU.Build.0 = Release|Any CPU
		{BCCE4FB1-1C21-47AB-A981-57A145338961}.Debug|Any CPU.ActiveCfg = Debug|Any CPU
		{BCCE4FB1-1C21-47AB-A981-57A145338961}.Debug|Any CPU.Build.0 = Debug|Any CPU
		{BCCE4FB1-1C21-47AB-A981-57A145338961}.Release|Any CPU.ActiveCfg = Release|Any CPU
		{BCCE4FB1-1C21-47AB-A981-57A145338961}.Release|Any CPU.Build.0 = Release|Any CPU
	EndGlobalSection
	GlobalSection(SolutionProperties) = preSolution
		HideSolutionNode = FALSE
	EndGlobalSection
EndGlobal
